
Microsoft Visual Studio Solution File, Format Version 12.00
# Visual Studio Version 18
VisualStudioVersion = 18.3.11312.210 d18.3
MinimumVisualStudioVersion = 10.0.40219.1
Project("{FAE04EC0-301F-11D3-BF4B-00C04F79EFBC}") = "WholesaleOrderSystem.API", "WholesaleOrderSystem.API.csproj", "{D7B060B8-3437-5E8B-620E-15E561E3A00E}"
EndProject
Global
	GlobalSection(SolutionConfigurationPlatforms) = preSolution
		Debug|Any CPU = Debug|Any CPU
		Release|Any CPU = Release|Any CPU
	EndGlobalSection
	GlobalSection(ProjectConfigurationPlatforms) = postSolution
		{D7B060B8-3437-5E8B-620E-15E561E3A00E}.Debug|Any CPU.ActiveCfg = Debug|Any CPU
		{D7B060B8-3437-5E8B-620E-15E561E3A00E}.Debug|Any CPU.Build.0 = Debug|Any CPU
		{D7B060B8-3437-5E8B-620E-15E561E3A00E}.Release|Any CPU.ActiveCfg = Release|Any CPU
		{D7B060B8-3437-5E8B-620E-15E561E3A00E}.Release|Any CPU.Build.0 = Release|Any CPU
	EndGlobalSection
	GlobalSection(SolutionProperties) = preSolution
		HideSolutionNode = FALSE
	EndGlobalSection
	GlobalSection(ExtensibilityGlobals) = postSolution
		SolutionGuid = {AB589410-4532-4FF8-8BBC-D13576B3849F}
	EndGlobalSection
EndGlobal
